// !$*UTF8*$!
{
	archiveVersion = 1;
	classes = {
	};
	objectVersion = 46;
	objects = {

/* Begin PBXBuildFile section */
		8270D0441C47B2F600B49F00 /* Document.swift in Sources */ = {isa = PBXBuildFile; fileRef = 8270D03B1C47B2F600B49F00 /* Document.swift */; };
		8270D0451C47B2F600B49F00 /* Element.swift in Sources */ = {isa = PBXBuildFile; fileRef = 8270D03C1C47B2F600B49F00 /* Element.swift */; };
		8270D0461C47B2F600B49F00 /* Error.swift in Sources */ = {isa = PBXBuildFile; fileRef = 8270D03D1C47B2F600B49F00 /* Error.swift */; };
		8270D0471C47B2F600B49F00 /* Helpers.swift in Sources */ = {isa = PBXBuildFile; fileRef = 8270D03F1C47B2F600B49F00 /* Helpers.swift */; };
		8270D0481C47B2F600B49F00 /* Info.plist in Resources */ = {isa = PBXBuildFile; fileRef = 8270D0401C47B2F600B49F00 /* Info.plist */; };
		8270D0491C47B2F600B49F00 /* Node.swift in Sources */ = {isa = PBXBuildFile; fileRef = 8270D0411C47B2F600B49F00 /* Node.swift */; };
		8270D04A1C47B2F600B49F00 /* NodeSet.swift in Sources */ = {isa = PBXBuildFile; fileRef = 8270D0421C47B2F600B49F00 /* NodeSet.swift */; };
		8270D04B1C47B2F600B49F00 /* Queryable.swift in Sources */ = {isa = PBXBuildFile; fileRef = 8270D0431C47B2F600B49F00 /* Queryable.swift */; };
		8270D04E1C47B48600B49F00 /* HtmlParser.swift in Sources */ = {isa = PBXBuildFile; fileRef = 8270D04D1C47B48600B49F00 /* HtmlParser.swift */; };
		8270D0501C47B58600B49F00 /* InnovativeCredit.swift in Sources */ = {isa = PBXBuildFile; fileRef = 8270D04F1C47B58600B49F00 /* InnovativeCredit.swift */; };
		8270D0521C47B5BE00B49F00 /* ExamInfo.swift in Sources */ = {isa = PBXBuildFile; fileRef = 8270D0511C47B5BE00B49F00 /* ExamInfo.swift */; };
		8270D0541C47BD7400B49F00 /* InnovativeCreditController.swift in Sources */ = {isa = PBXBuildFile; fileRef = 8270D0531C47BD7400B49F00 /* InnovativeCreditController.swift */; };
		8270D0561C47C63D00B49F00 /* ExamListController.swift in Sources */ = {isa = PBXBuildFile; fileRef = 8270D0551C47C63D00B49F00 /* ExamListController.swift */; };
		9AAFB3811B7DB3D200AE1D6F /* PrerequisiteCourseController.swift in Sources */ = {isa = PBXBuildFile; fileRef = 9AAFB3801B7DB3D200AE1D6F /* PrerequisiteCourseController.swift */; };
		9AAFB3831B7DB3FB00AE1D6F /* PublicSelctiveCourseController.swift in Sources */ = {isa = PBXBuildFile; fileRef = 9AAFB3821B7DB3FB00AE1D6F /* PublicSelctiveCourseController.swift */; };
		9AAFB3851B7DB42800AE1D6F /* SpecifiedSelectiveCourseController.swift in Sources */ = {isa = PBXBuildFile; fileRef = 9AAFB3841B7DB42800AE1D6F /* SpecifiedSelectiveCourseController.swift */; };
		F41BB2421B90C0E200F0495C /* AboutViewController.swift in Sources */ = {isa = PBXBuildFile; fileRef = F41BB2411B90C0E200F0495C /* AboutViewController.swift */; };
		F42B1C591B779ECB004C14A4 /* HttpDelegate.swift in Sources */ = {isa = PBXBuildFile; fileRef = F42B1C581B779ECB004C14A4 /* HttpDelegate.swift */; };
		F43023A21D2E03DF00A19DFE /* errors.swift in Sources */ = {isa = PBXBuildFile; fileRef = F43023A11D2E03DF00A19DFE /* errors.swift */; };
		F4343F1E1B801E8800AEAB1D /* MBProgressHUD+MJ.m in Sources */ = {isa = PBXBuildFile; fileRef = F4343F1A1B801E8800AEAB1D /* MBProgressHUD+MJ.m */; };
		F4343F1F1B801E8800AEAB1D /* MBProgressHUD.bundle in Resources */ = {isa = PBXBuildFile; fileRef = F4343F1B1B801E8800AEAB1D /* MBProgressHUD.bundle */; };
		F4343F201B801E8800AEAB1D /* MBProgressHUD.m in Sources */ = {isa = PBXBuildFile; fileRef = F4343F1D1B801E8800AEAB1D /* MBProgressHUD.m */; };
		F44904551B7B2B9300CB9C06 /* MainNavigationController.swift in Sources */ = {isa = PBXBuildFile; fileRef = F44904541B7B2B9300CB9C06 /* MainNavigationController.swift */; };
		F4634FBA1BA13AEB00B784C7 /* DetailTableViewController.swift in Sources */ = {isa = PBXBuildFile; fileRef = F4634FB91BA13AEB00B784C7 /* DetailTableViewController.swift */; };
		F464D5AE1B7F266C009657B6 /* ChooseCourseDelegate.swift in Sources */ = {isa = PBXBuildFile; fileRef = F464D5AD1B7F266C009657B6 /* ChooseCourseDelegate.swift */; };
		F4BA6A1F1B7758CB006C8B91 /* AppDelegate.swift in Sources */ = {isa = PBXBuildFile; fileRef = F4BA6A1E1B7758CB006C8B91 /* AppDelegate.swift */; };
		F4BA6A211B7758CB006C8B91 /* LoginViewController.swift in Sources */ = {isa = PBXBuildFile; fileRef = F4BA6A201B7758CB006C8B91 /* LoginViewController.swift */; };
		F4BA6A261B7758CB006C8B91 /* Images.xcassets in Resources */ = {isa = PBXBuildFile; fileRef = F4BA6A251B7758CB006C8B91 /* Images.xcassets */; };
		F4BA6A351B7758CB006C8B91 /* ustb_choose_course_systemTests.swift in Sources */ = {isa = PBXBuildFile; fileRef = F4BA6A341B7758CB006C8B91 /* ustb_choose_course_systemTests.swift */; };
		F4BA6A401B775930006C8B91 /* kalen.app.swift in Sources */ = {isa = PBXBuildFile; fileRef = F4BA6A3F1B775930006C8B91 /* kalen.app.swift */; };
		F4BA6A421B775970006C8B91 /* HttpUtil.swift in Sources */ = {isa = PBXBuildFile; fileRef = F4BA6A411B775970006C8B91 /* HttpUtil.swift */; };
		F4BA6A441B775C1A006C8B91 /* ConstVal.swift in Sources */ = {isa = PBXBuildFile; fileRef = F4BA6A431B775C1A006C8B91 /* ConstVal.swift */; };
		F4BA6A461B775DA6006C8B91 /* UserInfo.swift in Sources */ = {isa = PBXBuildFile; fileRef = F4BA6A451B775DA6006C8B91 /* UserInfo.swift */; };
		F4DE56AE1D2D0F2900871E5E /* .gitignore in Resources */ = {isa = PBXBuildFile; fileRef = F4DE56771D2D0F2900871E5E /* .gitignore */; };
		F4DE56AF1D2D0F2900871E5E /* .travis.yml in Resources */ = {isa = PBXBuildFile; fileRef = F4DE56781D2D0F2900871E5E /* .travis.yml */; };
		F4DE56B01D2D0F2900871E5E /* FUIAlertView.m in Sources */ = {isa = PBXBuildFile; fileRef = F4DE567D1D2D0F2900871E5E /* FUIAlertView.m */; };
		F4DE56B11D2D0F2900871E5E /* FUIButton.m in Sources */ = {isa = PBXBuildFile; fileRef = F4DE567F1D2D0F2900871E5E /* FUIButton.m */; };
		F4DE56B21D2D0F2900871E5E /* FUICellBackgroundView.m in Sources */ = {isa = PBXBuildFile; fileRef = F4DE56811D2D0F2900871E5E /* FUICellBackgroundView.m */; };
		F4DE56B31D2D0F2900871E5E /* FUIPopoverBackgroundView.m in Sources */ = {isa = PBXBuildFile; fileRef = F4DE56831D2D0F2900871E5E /* FUIPopoverBackgroundView.m */; };
		F4DE56B41D2D0F2900871E5E /* FUISegmentedControl.m in Sources */ = {isa = PBXBuildFile; fileRef = F4DE56851D2D0F2900871E5E /* FUISegmentedControl.m */; };
		F4DE56B51D2D0F2900871E5E /* FUISwitch.m in Sources */ = {isa = PBXBuildFile; fileRef = F4DE56871D2D0F2900871E5E /* FUISwitch.m */; };
		F4DE56B61D2D0F2900871E5E /* FUITextField.m in Sources */ = {isa = PBXBuildFile; fileRef = F4DE56891D2D0F2900871E5E /* FUITextField.m */; };
		F4DE56B71D2D0F2900871E5E /* NSString+Icons.m in Sources */ = {isa = PBXBuildFile; fileRef = F4DE568B1D2D0F2900871E5E /* NSString+Icons.m */; };
		F4DE56B81D2D0F2900871E5E /* UIBarButtonItem+FlatUI.m in Sources */ = {isa = PBXBuildFile; fileRef = F4DE568D1D2D0F2900871E5E /* UIBarButtonItem+FlatUI.m */; };
		F4DE56B91D2D0F2900871E5E /* UIColor+FlatUI.m in Sources */ = {isa = PBXBuildFile; fileRef = F4DE568F1D2D0F2900871E5E /* UIColor+FlatUI.m */; };
		F4DE56BA1D2D0F2900871E5E /* UIFont+FlatUI.m in Sources */ = {isa = PBXBuildFile; fileRef = F4DE56911D2D0F2900871E5E /* UIFont+FlatUI.m */; };
		F4DE56BB1D2D0F2900871E5E /* UIImage+FlatUI.m in Sources */ = {isa = PBXBuildFile; fileRef = F4DE56931D2D0F2900871E5E /* UIImage+FlatUI.m */; };
		F4DE56BC1D2D0F2900871E5E /* UINavigationBar+FlatUI.m in Sources */ = {isa = PBXBuildFile; fileRef = F4DE56951D2D0F2900871E5E /* UINavigationBar+FlatUI.m */; };
		F4DE56BD1D2D0F2900871E5E /* UIPopoverController+FlatUI.m in Sources */ = {isa = PBXBuildFile; fileRef = F4DE56971D2D0F2900871E5E /* UIPopoverController+FlatUI.m */; };
		F4DE56BE1D2D0F2900871E5E /* UIProgressView+FlatUI.m in Sources */ = {isa = PBXBuildFile; fileRef = F4DE56991D2D0F2900871E5E /* UIProgressView+FlatUI.m */; };
		F4DE56BF1D2D0F2900871E5E /* UISlider+FlatUI.m in Sources */ = {isa = PBXBuildFile; fileRef = F4DE569B1D2D0F2900871E5E /* UISlider+FlatUI.m */; };
		F4DE56C01D2D0F2900871E5E /* UIStepper+FlatUI.m in Sources */ = {isa = PBXBuildFile; fileRef = F4DE569D1D2D0F2900871E5E /* UIStepper+FlatUI.m */; };
		F4DE56C11D2D0F2900871E5E /* UITabBar+FlatUI.m in Sources */ = {isa = PBXBuildFile; fileRef = F4DE569F1D2D0F2900871E5E /* UITabBar+FlatUI.m */; };
		F4DE56C21D2D0F2900871E5E /* UITableViewCell+FlatUI.m in Sources */ = {isa = PBXBuildFile; fileRef = F4DE56A11D2D0F2900871E5E /* UITableViewCell+FlatUI.m */; };
		F4DE56C31D2D0F2900871E5E /* UIToolbar+FlatUI.m in Sources */ = {isa = PBXBuildFile; fileRef = F4DE56A31D2D0F2900871E5E /* UIToolbar+FlatUI.m */; };
		F4DE56C41D2D0F2900871E5E /* FlatUIKit.podspec in Resources */ = {isa = PBXBuildFile; fileRef = F4DE56A41D2D0F2900871E5E /* FlatUIKit.podspec */; };
		F4DE56C51D2D0F2900871E5E /* LICENSE in Resources */ = {isa = PBXBuildFile; fileRef = F4DE56A51D2D0F2900871E5E /* LICENSE */; };
		F4DE56C61D2D0F2900871E5E /* Rakefile in Resources */ = {isa = PBXBuildFile; fileRef = F4DE56A61D2D0F2900871E5E /* Rakefile */; };
		F4DE56C71D2D0F2900871E5E /* README.markdown in Sources */ = {isa = PBXBuildFile; fileRef = F4DE56A71D2D0F2900871E5E /* README.markdown */; };
		F4DE56C81D2D0F2900871E5E /* flat-ui-icons-regular.ttf in Resources */ = {isa = PBXBuildFile; fileRef = F4DE56A91D2D0F2900871E5E /* flat-ui-icons-regular.ttf */; };
		F4DE56C91D2D0F2900871E5E /* Lato-Bold.ttf in Resources */ = {isa = PBXBuildFile; fileRef = F4DE56AA1D2D0F2900871E5E /* Lato-Bold.ttf */; };
		F4DE56CA1D2D0F2900871E5E /* Lato-Italic.ttf in Resources */ = {isa = PBXBuildFile; fileRef = F4DE56AB1D2D0F2900871E5E /* Lato-Italic.ttf */; };
		F4DE56CB1D2D0F2900871E5E /* Lato-Light.ttf in Resources */ = {isa = PBXBuildFile; fileRef = F4DE56AC1D2D0F2900871E5E /* Lato-Light.ttf */; };
		F4DE56CC1D2D0F2900871E5E /* Lato-Regular.ttf in Resources */ = {isa = PBXBuildFile; fileRef = F4DE56AD1D2D0F2900871E5E /* Lato-Regular.ttf */; };
		F4EE082B1BF79AEA00E02F8F /* LocalClassTableController.swift in Sources */ = {isa = PBXBuildFile; fileRef = F4EE082A1BF79AEA00E02F8F /* LocalClassTableController.swift */; };
		F4EE082F1BF79E9700E02F8F /* CoreData.framework in Frameworks */ = {isa = PBXBuildFile; fileRef = F4EE082E1BF79E9700E02F8F /* CoreData.framework */; };
		F4F0F5F61B7A1C7900E9549D /* Main.storyboard in Resources */ = {isa = PBXBuildFile; fileRef = F4F0F5F51B7A1C7900E9549D /* Main.storyboard */; };
		F4F0F5F81B7A1D9700E9549D /* MainTableViewController.swift in Sources */ = {isa = PBXBuildFile; fileRef = F4F0F5F71B7A1D9700E9549D /* MainTableViewController.swift */; };
		F4F823CD1B7B41A900128B88 /* ClassTableViewController.swift in Sources */ = {isa = PBXBuildFile; fileRef = F4F823CC1B7B41A900128B88 /* ClassTableViewController.swift */; };
		F4F823CF1B7B421800128B88 /* ChooseCourseTabBarController.swift in Sources */ = {isa = PBXBuildFile; fileRef = F4F823CE1B7B421800128B88 /* ChooseCourseTabBarController.swift */; };
		F4F823D11B7B44C700128B88 /* ClassBean.swift in Sources */ = {isa = PBXBuildFile; fileRef = F4F823D01B7B44C700128B88 /* ClassBean.swift */; };
		F4FA26191B78B93D00CA0F3B /* JsonParser.swift in Sources */ = {isa = PBXBuildFile; fileRef = F4FA26181B78B93D00CA0F3B /* JsonParser.swift */; };
/* End PBXBuildFile section */

/* Begin PBXContainerItemProxy section */
		F4BA6A2F1B7758CB006C8B91 /* PBXContainerItemProxy */ = {
			isa = PBXContainerItemProxy;
			containerPortal = F4BA6A111B7758CB006C8B91 /* Project object */;
			proxyType = 1;
			remoteGlobalIDString = F4BA6A181B7758CB006C8B91;
			remoteInfo = ustb_choose_course_system;
		};
/* End PBXContainerItemProxy section */

/* Begin PBXFileReference section */
		8270D0381C47B2E400B49F00 /* libxml2-fuzi.h */ = {isa = PBXFileReference; fileEncoding = 4; lastKnownFileType = sourcecode.c.h; path = "libxml2-fuzi.h"; sourceTree = "<group>"; };
		8270D0391C47B2E400B49F00 /* module.modulemap */ = {isa = PBXFileReference; fileEncoding = 4; lastKnownFileType = "sourcecode.module-map"; path = module.modulemap; sourceTree = "<group>"; };
		8270D03B1C47B2F600B49F00 /* Document.swift */ = {isa = PBXFileReference; fileEncoding = 4; lastKnownFileType = sourcecode.swift; path = Document.swift; sourceTree = "<group>"; };
		8270D03C1C47B2F600B49F00 /* Element.swift */ = {isa = PBXFileReference; fileEncoding = 4; lastKnownFileType = sourcecode.swift; path = Element.swift; sourceTree = "<group>"; };
		8270D03D1C47B2F600B49F00 /* Error.swift */ = {isa = PBXFileReference; fileEncoding = 4; lastKnownFileType = sourcecode.swift; path = Error.swift; sourceTree = "<group>"; };
		8270D03E1C47B2F600B49F00 /* Fuzi.h */ = {isa = PBXFileReference; fileEncoding = 4; lastKnownFileType = sourcecode.c.h; path = Fuzi.h; sourceTree = "<group>"; };
		8270D03F1C47B2F600B49F00 /* Helpers.swift */ = {isa = PBXFileReference; fileEncoding = 4; lastKnownFileType = sourcecode.swift; path = Helpers.swift; sourceTree = "<group>"; };
		8270D0401C47B2F600B49F00 /* Info.plist */ = {isa = PBXFileReference; fileEncoding = 4; lastKnownFileType = text.plist.xml; path = Info.plist; sourceTree = "<group>"; };
		8270D0411C47B2F600B49F00 /* Node.swift */ = {isa = PBXFileReference; fileEncoding = 4; lastKnownFileType = sourcecode.swift; path = Node.swift; sourceTree = "<group>"; };
		8270D0421C47B2F600B49F00 /* NodeSet.swift */ = {isa = PBXFileReference; fileEncoding = 4; lastKnownFileType = sourcecode.swift; path = NodeSet.swift; sourceTree = "<group>"; };
		8270D0431C47B2F600B49F00 /* Queryable.swift */ = {isa = PBXFileReference; fileEncoding = 4; lastKnownFileType = sourcecode.swift; path = Queryable.swift; sourceTree = "<group>"; };
		8270D04D1C47B48600B49F00 /* HtmlParser.swift */ = {isa = PBXFileReference; fileEncoding = 4; lastKnownFileType = sourcecode.swift; path = HtmlParser.swift; sourceTree = "<group>"; };
		8270D04F1C47B58600B49F00 /* InnovativeCredit.swift */ = {isa = PBXFileReference; fileEncoding = 4; lastKnownFileType = sourcecode.swift; path = InnovativeCredit.swift; sourceTree = "<group>"; };
		8270D0511C47B5BE00B49F00 /* ExamInfo.swift */ = {isa = PBXFileReference; fileEncoding = 4; lastKnownFileType = sourcecode.swift; path = ExamInfo.swift; sourceTree = "<group>"; };
		8270D0531C47BD7400B49F00 /* InnovativeCreditController.swift */ = {isa = PBXFileReference; fileEncoding = 4; lastKnownFileType = sourcecode.swift; path = InnovativeCreditController.swift; sourceTree = "<group>"; };
		8270D0551C47C63D00B49F00 /* ExamListController.swift */ = {isa = PBXFileReference; fileEncoding = 4; lastKnownFileType = sourcecode.swift; path = ExamListController.swift; sourceTree = "<group>"; };
		9AAFB3801B7DB3D200AE1D6F /* PrerequisiteCourseController.swift */ = {isa = PBXFileReference; fileEncoding = 4; lastKnownFileType = sourcecode.swift; path = PrerequisiteCourseController.swift; sourceTree = "<group>"; };
		9AAFB3821B7DB3FB00AE1D6F /* PublicSelctiveCourseController.swift */ = {isa = PBXFileReference; fileEncoding = 4; lastKnownFileType = sourcecode.swift; path = PublicSelctiveCourseController.swift; sourceTree = "<group>"; };
		9AAFB3841B7DB42800AE1D6F /* SpecifiedSelectiveCourseController.swift */ = {isa = PBXFileReference; fileEncoding = 4; lastKnownFileType = sourcecode.swift; path = SpecifiedSelectiveCourseController.swift; sourceTree = "<group>"; };
		F41BB2411B90C0E200F0495C /* AboutViewController.swift */ = {isa = PBXFileReference; fileEncoding = 4; lastKnownFileType = sourcecode.swift; path = AboutViewController.swift; sourceTree = "<group>"; };
		F42B1C581B779ECB004C14A4 /* HttpDelegate.swift */ = {isa = PBXFileReference; fileEncoding = 4; lastKnownFileType = sourcecode.swift; path = HttpDelegate.swift; sourceTree = "<group>"; };
		F43023A11D2E03DF00A19DFE /* errors.swift */ = {isa = PBXFileReference; fileEncoding = 4; lastKnownFileType = sourcecode.swift; path = errors.swift; sourceTree = "<group>"; };
		F4343F191B801E8800AEAB1D /* MBProgressHUD+MJ.h */ = {isa = PBXFileReference; fileEncoding = 4; lastKnownFileType = sourcecode.c.h; path = "MBProgressHUD+MJ.h"; sourceTree = "<group>"; };
		F4343F1A1B801E8800AEAB1D /* MBProgressHUD+MJ.m */ = {isa = PBXFileReference; fileEncoding = 4; lastKnownFileType = sourcecode.c.objc; path = "MBProgressHUD+MJ.m"; sourceTree = "<group>"; };
		F4343F1B1B801E8800AEAB1D /* MBProgressHUD.bundle */ = {isa = PBXFileReference; lastKnownFileType = "wrapper.plug-in"; path = MBProgressHUD.bundle; sourceTree = "<group>"; };
		F4343F1C1B801E8800AEAB1D /* MBProgressHUD.h */ = {isa = PBXFileReference; fileEncoding = 4; lastKnownFileType = sourcecode.c.h; path = MBProgressHUD.h; sourceTree = "<group>"; };
		F4343F1D1B801E8800AEAB1D /* MBProgressHUD.m */ = {isa = PBXFileReference; fileEncoding = 4; lastKnownFileType = sourcecode.c.objc; path = MBProgressHUD.m; sourceTree = "<group>"; };
		F4343F281B80243C00AEAB1D /* OC-Bridge.h */ = {isa = PBXFileReference; lastKnownFileType = sourcecode.c.h; path = "OC-Bridge.h"; sourceTree = "<group>"; };
		F44904541B7B2B9300CB9C06 /* MainNavigationController.swift */ = {isa = PBXFileReference; fileEncoding = 4; lastKnownFileType = sourcecode.swift; path = MainNavigationController.swift; sourceTree = "<group>"; };
		F4634FB91BA13AEB00B784C7 /* DetailTableViewController.swift */ = {isa = PBXFileReference; fileEncoding = 4; lastKnownFileType = sourcecode.swift; path = DetailTableViewController.swift; sourceTree = "<group>"; };
		F464D5AD1B7F266C009657B6 /* ChooseCourseDelegate.swift */ = {isa = PBXFileReference; fileEncoding = 4; lastKnownFileType = sourcecode.swift; path = ChooseCourseDelegate.swift; sourceTree = "<group>"; };
		F4BA6A191B7758CB006C8B91 /* ustb_choose_course_system.app */ = {isa = PBXFileReference; explicitFileType = wrapper.application; includeInIndex = 0; path = ustb_choose_course_system.app; sourceTree = BUILT_PRODUCTS_DIR; };
		F4BA6A1D1B7758CB006C8B91 /* Info.plist */ = {isa = PBXFileReference; lastKnownFileType = text.plist.xml; path = Info.plist; sourceTree = "<group>"; };
		F4BA6A1E1B7758CB006C8B91 /* AppDelegate.swift */ = {isa = PBXFileReference; lastKnownFileType = sourcecode.swift; path = AppDelegate.swift; sourceTree = "<group>"; };
		F4BA6A201B7758CB006C8B91 /* LoginViewController.swift */ = {isa = PBXFileReference; lastKnownFileType = sourcecode.swift; path = LoginViewController.swift; sourceTree = "<group>"; };
		F4BA6A251B7758CB006C8B91 /* Images.xcassets */ = {isa = PBXFileReference; lastKnownFileType = folder.assetcatalog; path = Images.xcassets; sourceTree = "<group>"; };
		F4BA6A2E1B7758CB006C8B91 /* ustb_choose_course_systemTests.xctest */ = {isa = PBXFileReference; explicitFileType = wrapper.cfbundle; includeInIndex = 0; path = ustb_choose_course_systemTests.xctest; sourceTree = BUILT_PRODUCTS_DIR; };
		F4BA6A331B7758CB006C8B91 /* Info.plist */ = {isa = PBXFileReference; lastKnownFileType = text.plist.xml; path = Info.plist; sourceTree = "<group>"; };
		F4BA6A341B7758CB006C8B91 /* ustb_choose_course_systemTests.swift */ = {isa = PBXFileReference; lastKnownFileType = sourcecode.swift; path = ustb_choose_course_systemTests.swift; sourceTree = "<group>"; };
		F4BA6A3F1B775930006C8B91 /* kalen.app.swift */ = {isa = PBXFileReference; fileEncoding = 4; lastKnownFileType = sourcecode.swift; path = kalen.app.swift; sourceTree = "<group>"; };
		F4BA6A411B775970006C8B91 /* HttpUtil.swift */ = {isa = PBXFileReference; fileEncoding = 4; lastKnownFileType = sourcecode.swift; path = HttpUtil.swift; sourceTree = "<group>"; };
		F4BA6A431B775C1A006C8B91 /* ConstVal.swift */ = {isa = PBXFileReference; fileEncoding = 4; lastKnownFileType = sourcecode.swift; path = ConstVal.swift; sourceTree = "<group>"; };
		F4BA6A451B775DA6006C8B91 /* UserInfo.swift */ = {isa = PBXFileReference; fileEncoding = 4; lastKnownFileType = sourcecode.swift; path = UserInfo.swift; sourceTree = "<group>"; };
		F4DE56771D2D0F2900871E5E /* .gitignore */ = {isa = PBXFileReference; fileEncoding = 4; lastKnownFileType = text; path = .gitignore; sourceTree = "<group>"; };
		F4DE56781D2D0F2900871E5E /* .travis.yml */ = {isa = PBXFileReference; fileEncoding = 4; lastKnownFileType = text; path = .travis.yml; sourceTree = "<group>"; };
		F4DE567B1D2D0F2900871E5E /* FlatUIKit.h */ = {isa = PBXFileReference; fileEncoding = 4; lastKnownFileType = sourcecode.c.h; path = FlatUIKit.h; sourceTree = "<group>"; };
		F4DE567C1D2D0F2900871E5E /* FUIAlertView.h */ = {isa = PBXFileReference; fileEncoding = 4; lastKnownFileType = sourcecode.c.h; path = FUIAlertView.h; sourceTree = "<group>"; };
		F4DE567D1D2D0F2900871E5E /* FUIAlertView.m */ = {isa = PBXFileReference; fileEncoding = 4; lastKnownFileType = sourcecode.c.objc; path = FUIAlertView.m; sourceTree = "<group>"; };
		F4DE567E1D2D0F2900871E5E /* FUIButton.h */ = {isa = PBXFileReference; fileEncoding = 4; lastKnownFileType = sourcecode.c.h; path = FUIButton.h; sourceTree = "<group>"; };
		F4DE567F1D2D0F2900871E5E /* FUIButton.m */ = {isa = PBXFileReference; fileEncoding = 4; lastKnownFileType = sourcecode.c.objc; path = FUIButton.m; sourceTree = "<group>"; };
		F4DE56801D2D0F2900871E5E /* FUICellBackgroundView.h */ = {isa = PBXFileReference; fileEncoding = 4; lastKnownFileType = sourcecode.c.h; path = FUICellBackgroundView.h; sourceTree = "<group>"; };
		F4DE56811D2D0F2900871E5E /* FUICellBackgroundView.m */ = {isa = PBXFileReference; fileEncoding = 4; lastKnownFileType = sourcecode.c.objc; path = FUICellBackgroundView.m; sourceTree = "<group>"; };
		F4DE56821D2D0F2900871E5E /* FUIPopoverBackgroundView.h */ = {isa = PBXFileReference; fileEncoding = 4; lastKnownFileType = sourcecode.c.h; path = FUIPopoverBackgroundView.h; sourceTree = "<group>"; };
		F4DE56831D2D0F2900871E5E /* FUIPopoverBackgroundView.m */ = {isa = PBXFileReference; fileEncoding = 4; lastKnownFileType = sourcecode.c.objc; path = FUIPopoverBackgroundView.m; sourceTree = "<group>"; };
		F4DE56841D2D0F2900871E5E /* FUISegmentedControl.h */ = {isa = PBXFileReference; fileEncoding = 4; lastKnownFileType = sourcecode.c.h; path = FUISegmentedControl.h; sourceTree = "<group>"; };
		F4DE56851D2D0F2900871E5E /* FUISegmentedControl.m */ = {isa = PBXFileReference; fileEncoding = 4; lastKnownFileType = sourcecode.c.objc; path = FUISegmentedControl.m; sourceTree = "<group>"; };
		F4DE56861D2D0F2900871E5E /* FUISwitch.h */ = {isa = PBXFileReference; fileEncoding = 4; lastKnownFileType = sourcecode.c.h; path = FUISwitch.h; sourceTree = "<group>"; };
		F4DE56871D2D0F2900871E5E /* FUISwitch.m */ = {isa = PBXFileReference; fileEncoding = 4; lastKnownFileType = sourcecode.c.objc; path = FUISwitch.m; sourceTree = "<group>"; };
		F4DE56881D2D0F2900871E5E /* FUITextField.h */ = {isa = PBXFileReference; fileEncoding = 4; lastKnownFileType = sourcecode.c.h; path = FUITextField.h; sourceTree = "<group>"; };
		F4DE56891D2D0F2900871E5E /* FUITextField.m */ = {isa = PBXFileReference; fileEncoding = 4; lastKnownFileType = sourcecode.c.objc; path = FUITextField.m; sourceTree = "<group>"; };
		F4DE568A1D2D0F2900871E5E /* NSString+Icons.h */ = {isa = PBXFileReference; fileEncoding = 4; lastKnownFileType = sourcecode.c.h; path = "NSString+Icons.h"; sourceTree = "<group>"; };
		F4DE568B1D2D0F2900871E5E /* NSString+Icons.m */ = {isa = PBXFileReference; fileEncoding = 4; lastKnownFileType = sourcecode.c.objc; path = "NSString+Icons.m"; sourceTree = "<group>"; };
		F4DE568C1D2D0F2900871E5E /* UIBarButtonItem+FlatUI.h */ = {isa = PBXFileReference; fileEncoding = 4; lastKnownFileType = sourcecode.c.h; path = "UIBarButtonItem+FlatUI.h"; sourceTree = "<group>"; };
		F4DE568D1D2D0F2900871E5E /* UIBarButtonItem+FlatUI.m */ = {isa = PBXFileReference; fileEncoding = 4; lastKnownFileType = sourcecode.c.objc; path = "UIBarButtonItem+FlatUI.m"; sourceTree = "<group>"; };
		F4DE568E1D2D0F2900871E5E /* UIColor+FlatUI.h */ = {isa = PBXFileReference; fileEncoding = 4; lastKnownFileType = sourcecode.c.h; path = "UIColor+FlatUI.h"; sourceTree = "<group>"; };
		F4DE568F1D2D0F2900871E5E /* UIColor+FlatUI.m */ = {isa = PBXFileReference; fileEncoding = 4; lastKnownFileType = sourcecode.c.objc; path = "UIColor+FlatUI.m"; sourceTree = "<group>"; };
		F4DE56901D2D0F2900871E5E /* UIFont+FlatUI.h */ = {isa = PBXFileReference; fileEncoding = 4; lastKnownFileType = sourcecode.c.h; path = "UIFont+FlatUI.h"; sourceTree = "<group>"; };
		F4DE56911D2D0F2900871E5E /* UIFont+FlatUI.m */ = {isa = PBXFileReference; fileEncoding = 4; lastKnownFileType = sourcecode.c.objc; path = "UIFont+FlatUI.m"; sourceTree = "<group>"; };
		F4DE56921D2D0F2900871E5E /* UIImage+FlatUI.h */ = {isa = PBXFileReference; fileEncoding = 4; lastKnownFileType = sourcecode.c.h; path = "UIImage+FlatUI.h"; sourceTree = "<group>"; };
		F4DE56931D2D0F2900871E5E /* UIImage+FlatUI.m */ = {isa = PBXFileReference; fileEncoding = 4; lastKnownFileType = sourcecode.c.objc; path = "UIImage+FlatUI.m"; sourceTree = "<group>"; };
		F4DE56941D2D0F2900871E5E /* UINavigationBar+FlatUI.h */ = {isa = PBXFileReference; fileEncoding = 4; lastKnownFileType = sourcecode.c.h; path = "UINavigationBar+FlatUI.h"; sourceTree = "<group>"; };
		F4DE56951D2D0F2900871E5E /* UINavigationBar+FlatUI.m */ = {isa = PBXFileReference; fileEncoding = 4; lastKnownFileType = sourcecode.c.objc; path = "UINavigationBar+FlatUI.m"; sourceTree = "<group>"; };
		F4DE56961D2D0F2900871E5E /* UIPopoverController+FlatUI.h */ = {isa = PBXFileReference; fileEncoding = 4; lastKnownFileType = sourcecode.c.h; path = "UIPopoverController+FlatUI.h"; sourceTree = "<group>"; };
		F4DE56971D2D0F2900871E5E /* UIPopoverController+FlatUI.m */ = {isa = PBXFileReference; fileEncoding = 4; lastKnownFileType = sourcecode.c.objc; path = "UIPopoverController+FlatUI.m"; sourceTree = "<group>"; };
		F4DE56981D2D0F2900871E5E /* UIProgressView+FlatUI.h */ = {isa = PBXFileReference; fileEncoding = 4; lastKnownFileType = sourcecode.c.h; path = "UIProgressView+FlatUI.h"; sourceTree = "<group>"; };
		F4DE56991D2D0F2900871E5E /* UIProgressView+FlatUI.m */ = {isa = PBXFileReference; fileEncoding = 4; lastKnownFileType = sourcecode.c.objc; path = "UIProgressView+FlatUI.m"; sourceTree = "<group>"; };
		F4DE569A1D2D0F2900871E5E /* UISlider+FlatUI.h */ = {isa = PBXFileReference; fileEncoding = 4; lastKnownFileType = sourcecode.c.h; path = "UISlider+FlatUI.h"; sourceTree = "<group>"; };
		F4DE569B1D2D0F2900871E5E /* UISlider+FlatUI.m */ = {isa = PBXFileReference; fileEncoding = 4; lastKnownFileType = sourcecode.c.objc; path = "UISlider+FlatUI.m"; sourceTree = "<group>"; };
		F4DE569C1D2D0F2900871E5E /* UIStepper+FlatUI.h */ = {isa = PBXFileReference; fileEncoding = 4; lastKnownFileType = sourcecode.c.h; path = "UIStepper+FlatUI.h"; sourceTree = "<group>"; };
		F4DE569D1D2D0F2900871E5E /* UIStepper+FlatUI.m */ = {isa = PBXFileReference; fileEncoding = 4; lastKnownFileType = sourcecode.c.objc; path = "UIStepper+FlatUI.m"; sourceTree = "<group>"; };
		F4DE569E1D2D0F2900871E5E /* UITabBar+FlatUI.h */ = {isa = PBXFileReference; fileEncoding = 4; lastKnownFileType = sourcecode.c.h; path = "UITabBar+FlatUI.h"; sourceTree = "<group>"; };
		F4DE569F1D2D0F2900871E5E /* UITabBar+FlatUI.m */ = {isa = PBXFileReference; fileEncoding = 4; lastKnownFileType = sourcecode.c.objc; path = "UITabBar+FlatUI.m"; sourceTree = "<group>"; };
		F4DE56A01D2D0F2900871E5E /* UITableViewCell+FlatUI.h */ = {isa = PBXFileReference; fileEncoding = 4; lastKnownFileType = sourcecode.c.h; path = "UITableViewCell+FlatUI.h"; sourceTree = "<group>"; };
		F4DE56A11D2D0F2900871E5E /* UITableViewCell+FlatUI.m */ = {isa = PBXFileReference; fileEncoding = 4; lastKnownFileType = sourcecode.c.objc; path = "UITableViewCell+FlatUI.m"; sourceTree = "<group>"; };
		F4DE56A21D2D0F2900871E5E /* UIToolbar+FlatUI.h */ = {isa = PBXFileReference; fileEncoding = 4; lastKnownFileType = sourcecode.c.h; path = "UIToolbar+FlatUI.h"; sourceTree = "<group>"; };
		F4DE56A31D2D0F2900871E5E /* UIToolbar+FlatUI.m */ = {isa = PBXFileReference; fileEncoding = 4; lastKnownFileType = sourcecode.c.objc; path = "UIToolbar+FlatUI.m"; sourceTree = "<group>"; };
		F4DE56A41D2D0F2900871E5E /* FlatUIKit.podspec */ = {isa = PBXFileReference; fileEncoding = 4; lastKnownFileType = text; path = FlatUIKit.podspec; sourceTree = "<group>"; };
		F4DE56A51D2D0F2900871E5E /* LICENSE */ = {isa = PBXFileReference; fileEncoding = 4; lastKnownFileType = text; path = LICENSE; sourceTree = "<group>"; };
		F4DE56A61D2D0F2900871E5E /* Rakefile */ = {isa = PBXFileReference; fileEncoding = 4; lastKnownFileType = text; path = Rakefile; sourceTree = "<group>"; };
		F4DE56A71D2D0F2900871E5E /* README.markdown */ = {isa = PBXFileReference; fileEncoding = 4; lastKnownFileType = net.daringfireball.markdown; path = README.markdown; sourceTree = "<group>"; };
		F4DE56A91D2D0F2900871E5E /* flat-ui-icons-regular.ttf */ = {isa = PBXFileReference; lastKnownFileType = file; path = "flat-ui-icons-regular.ttf"; sourceTree = "<group>"; };
		F4DE56AA1D2D0F2900871E5E /* Lato-Bold.ttf */ = {isa = PBXFileReference; lastKnownFileType = file; path = "Lato-Bold.ttf"; sourceTree = "<group>"; };
		F4DE56AB1D2D0F2900871E5E /* Lato-Italic.ttf */ = {isa = PBXFileReference; lastKnownFileType = file; path = "Lato-Italic.ttf"; sourceTree = "<group>"; };
		F4DE56AC1D2D0F2900871E5E /* Lato-Light.ttf */ = {isa = PBXFileReference; lastKnownFileType = file; path = "Lato-Light.ttf"; sourceTree = "<group>"; };
		F4DE56AD1D2D0F2900871E5E /* Lato-Regular.ttf */ = {isa = PBXFileReference; lastKnownFileType = file; path = "Lato-Regular.ttf"; sourceTree = "<group>"; };
		F4EE082A1BF79AEA00E02F8F /* LocalClassTableController.swift */ = {isa = PBXFileReference; fileEncoding = 4; lastKnownFileType = sourcecode.swift; path = LocalClassTableController.swift; sourceTree = "<group>"; };
		F4EE082E1BF79E9700E02F8F /* CoreData.framework */ = {isa = PBXFileReference; lastKnownFileType = wrapper.framework; name = CoreData.framework; path = System/Library/Frameworks/CoreData.framework; sourceTree = SDKROOT; };
		F4F0F5F51B7A1C7900E9549D /* Main.storyboard */ = {isa = PBXFileReference; fileEncoding = 4; lastKnownFileType = file.storyboard; path = Main.storyboard; sourceTree = "<group>"; };
		F4F0F5F71B7A1D9700E9549D /* MainTableViewController.swift */ = {isa = PBXFileReference; fileEncoding = 4; lastKnownFileType = sourcecode.swift; path = MainTableViewController.swift; sourceTree = "<group>"; };
		F4F823CC1B7B41A900128B88 /* ClassTableViewController.swift */ = {isa = PBXFileReference; fileEncoding = 4; lastKnownFileType = sourcecode.swift; path = ClassTableViewController.swift; sourceTree = "<group>"; };
		F4F823CE1B7B421800128B88 /* ChooseCourseTabBarController.swift */ = {isa = PBXFileReference; fileEncoding = 4; lastKnownFileType = sourcecode.swift; path = ChooseCourseTabBarController.swift; sourceTree = "<group>"; };
		F4F823D01B7B44C700128B88 /* ClassBean.swift */ = {isa = PBXFileReference; fileEncoding = 4; lastKnownFileType = sourcecode.swift; path = ClassBean.swift; sourceTree = "<group>"; };
		F4FA26181B78B93D00CA0F3B /* JsonParser.swift */ = {isa = PBXFileReference; fileEncoding = 4; lastKnownFileType = sourcecode.swift; path = JsonParser.swift; sourceTree = "<group>"; };
/* End PBXFileReference section */

/* Begin PBXFrameworksBuildPhase section */
		F4BA6A161B7758CB006C8B91 /* Frameworks */ = {
			isa = PBXFrameworksBuildPhase;
			buildActionMask = 2147483647;
			files = (
				F4EE082F1BF79E9700E02F8F /* CoreData.framework in Frameworks */,
			);
			runOnlyForDeploymentPostprocessing = 0;
		};
		F4BA6A2B1B7758CB006C8B91 /* Frameworks */ = {
			isa = PBXFrameworksBuildPhase;
			buildActionMask = 2147483647;
			files = (
			);
			runOnlyForDeploymentPostprocessing = 0;
		};
/* End PBXFrameworksBuildPhase section */

/* Begin PBXGroup section */
		8270D0371C47B2E400B49F00 /* libxml2 */ = {
			isa = PBXGroup;
			children = (
				8270D0381C47B2E400B49F00 /* libxml2-fuzi.h */,
				8270D0391C47B2E400B49F00 /* module.modulemap */,
			);
			path = libxml2;
			sourceTree = "<group>";
		};
		8270D03A1C47B2F600B49F00 /* Fuzi */ = {
			isa = PBXGroup;
			children = (
				8270D03B1C47B2F600B49F00 /* Document.swift */,
				8270D03C1C47B2F600B49F00 /* Element.swift */,
				8270D03D1C47B2F600B49F00 /* Error.swift */,
				8270D03E1C47B2F600B49F00 /* Fuzi.h */,
				8270D03F1C47B2F600B49F00 /* Helpers.swift */,
				8270D0401C47B2F600B49F00 /* Info.plist */,
				8270D0411C47B2F600B49F00 /* Node.swift */,
				8270D0421C47B2F600B49F00 /* NodeSet.swift */,
				8270D0431C47B2F600B49F00 /* Queryable.swift */,
			);
			path = Fuzi;
			sourceTree = "<group>";
		};
		8270D04C1C47B43900B49F00 /* library */ = {
			isa = PBXGroup;
			children = (
				F4DE56761D2D0F2900871E5E /* FlatUIKit */,
				F4343F181B801E8800AEAB1D /* MBProgressHUD */,
				8270D0371C47B2E400B49F00 /* libxml2 */,
				8270D03A1C47B2F600B49F00 /* Fuzi */,
			);
			name = library;
			sourceTree = "<group>";
		};
		9AAFB37F1B7DB30300AE1D6F /* ChooseClassController */ = {
			isa = PBXGroup;
			children = (
				F4F823CE1B7B421800128B88 /* ChooseCourseTabBarController.swift */,
				9AAFB3801B7DB3D200AE1D6F /* PrerequisiteCourseController.swift */,
				9AAFB3821B7DB3FB00AE1D6F /* PublicSelctiveCourseController.swift */,
				9AAFB3841B7DB42800AE1D6F /* SpecifiedSelectiveCourseController.swift */,
				F4634FB91BA13AEB00B784C7 /* DetailTableViewController.swift */,
			);
			name = ChooseClassController;
			sourceTree = "<group>";
		};
		F4343F181B801E8800AEAB1D /* MBProgressHUD */ = {
			isa = PBXGroup;
			children = (
				F4343F191B801E8800AEAB1D /* MBProgressHUD+MJ.h */,
				F4343F1A1B801E8800AEAB1D /* MBProgressHUD+MJ.m */,
				F4343F1B1B801E8800AEAB1D /* MBProgressHUD.bundle */,
				F4343F1C1B801E8800AEAB1D /* MBProgressHUD.h */,
				F4343F1D1B801E8800AEAB1D /* MBProgressHUD.m */,
			);
			path = MBProgressHUD;
			sourceTree = "<group>";
		};
		F4BA6A101B7758CB006C8B91 = {
			isa = PBXGroup;
			children = (
				F4BA6A1B1B7758CB006C8B91 /* ustb_choose_course_system */,
				F4BA6A311B7758CB006C8B91 /* ustb_choose_course_systemTests */,
				F4BA6A1A1B7758CB006C8B91 /* Products */,
			);
			sourceTree = "<group>";
		};
		F4BA6A1A1B7758CB006C8B91 /* Products */ = {
			isa = PBXGroup;
			children = (
				F4BA6A191B7758CB006C8B91 /* ustb_choose_course_system.app */,
				F4BA6A2E1B7758CB006C8B91 /* ustb_choose_course_systemTests.xctest */,
			);
			name = Products;
			sourceTree = "<group>";
		};
		F4BA6A1B1B7758CB006C8B91 /* ustb_choose_course_system */ = {
			isa = PBXGroup;
			children = (
				8270D04C1C47B43900B49F00 /* library */,
				F4BA6A3E1B77590C006C8B91 /* kalen.app */,
				F4FA26251B78C5B100CA0F3B /* ui */,
				F4FA261B1B78B97400CA0F3B /* controller */,
				F4BA6A1E1B7758CB006C8B91 /* AppDelegate.swift */,
				F4BA6A251B7758CB006C8B91 /* Images.xcassets */,
				F4343F281B80243C00AEAB1D /* OC-Bridge.h */,
				F4BA6A1C1B7758CB006C8B91 /* Supporting Files */,
			);
			path = ustb_choose_course_system;
			sourceTree = "<group>";
		};
		F4BA6A1C1B7758CB006C8B91 /* Supporting Files */ = {
			isa = PBXGroup;
			children = (
				F4EE082E1BF79E9700E02F8F /* CoreData.framework */,
				F4BA6A1D1B7758CB006C8B91 /* Info.plist */,
			);
			name = "Supporting Files";
			sourceTree = "<group>";
		};
		F4BA6A311B7758CB006C8B91 /* ustb_choose_course_systemTests */ = {
			isa = PBXGroup;
			children = (
				F4BA6A341B7758CB006C8B91 /* ustb_choose_course_systemTests.swift */,
				F4BA6A321B7758CB006C8B91 /* Supporting Files */,
			);
			path = ustb_choose_course_systemTests;
			sourceTree = "<group>";
		};
		F4BA6A321B7758CB006C8B91 /* Supporting Files */ = {
			isa = PBXGroup;
			children = (
				F4BA6A331B7758CB006C8B91 /* Info.plist */,
			);
			name = "Supporting Files";
			sourceTree = "<group>";
		};
		F4BA6A3E1B77590C006C8B91 /* kalen.app */ = {
			isa = PBXGroup;
			children = (
				F4FA261A1B78B94D00CA0F3B /* model */,
				F4FA26171B78B92500CA0F3B /* delegate */,
				F4FA26161B78B90300CA0F3B /* util */,
				F4BA6A3F1B775930006C8B91 /* kalen.app.swift */,
				F43023A11D2E03DF00A19DFE /* errors.swift */,
			);
			name = kalen.app;
			path = ..;
			sourceTree = "<group>";
		};
		F4DE56761D2D0F2900871E5E /* FlatUIKit */ = {
			isa = PBXGroup;
			children = (
				F4DE56771D2D0F2900871E5E /* .gitignore */,
				F4DE56781D2D0F2900871E5E /* .travis.yml */,
				F4DE56791D2D0F2900871E5E /* Classes */,
				F4DE56A41D2D0F2900871E5E /* FlatUIKit.podspec */,
				F4DE56A51D2D0F2900871E5E /* LICENSE */,
				F4DE56A61D2D0F2900871E5E /* Rakefile */,
				F4DE56A71D2D0F2900871E5E /* README.markdown */,
				F4DE56A81D2D0F2900871E5E /* Resources */,
			);
			path = FlatUIKit;
			sourceTree = "<group>";
		};
		F4DE56791D2D0F2900871E5E /* Classes */ = {
			isa = PBXGroup;
			children = (
				F4DE567A1D2D0F2900871E5E /* ios */,
			);
			path = Classes;
			sourceTree = "<group>";
		};
		F4DE567A1D2D0F2900871E5E /* ios */ = {
			isa = PBXGroup;
			children = (
				F4DE567B1D2D0F2900871E5E /* FlatUIKit.h */,
				F4DE567C1D2D0F2900871E5E /* FUIAlertView.h */,
				F4DE567D1D2D0F2900871E5E /* FUIAlertView.m */,
				F4DE567E1D2D0F2900871E5E /* FUIButton.h */,
				F4DE567F1D2D0F2900871E5E /* FUIButton.m */,
				F4DE56801D2D0F2900871E5E /* FUICellBackgroundView.h */,
				F4DE56811D2D0F2900871E5E /* FUICellBackgroundView.m */,
				F4DE56821D2D0F2900871E5E /* FUIPopoverBackgroundView.h */,
				F4DE56831D2D0F2900871E5E /* FUIPopoverBackgroundView.m */,
				F4DE56841D2D0F2900871E5E /* FUISegmentedControl.h */,
				F4DE56851D2D0F2900871E5E /* FUISegmentedControl.m */,
				F4DE56861D2D0F2900871E5E /* FUISwitch.h */,
				F4DE56871D2D0F2900871E5E /* FUISwitch.m */,
				F4DE56881D2D0F2900871E5E /* FUITextField.h */,
				F4DE56891D2D0F2900871E5E /* FUITextField.m */,
				F4DE568A1D2D0F2900871E5E /* NSString+Icons.h */,
				F4DE568B1D2D0F2900871E5E /* NSString+Icons.m */,
				F4DE568C1D2D0F2900871E5E /* UIBarButtonItem+FlatUI.h */,
				F4DE568D1D2D0F2900871E5E /* UIBarButtonItem+FlatUI.m */,
				F4DE568E1D2D0F2900871E5E /* UIColor+FlatUI.h */,
				F4DE568F1D2D0F2900871E5E /* UIColor+FlatUI.m */,
				F4DE56901D2D0F2900871E5E /* UIFont+FlatUI.h */,
				F4DE56911D2D0F2900871E5E /* UIFont+FlatUI.m */,
				F4DE56921D2D0F2900871E5E /* UIImage+FlatUI.h */,
				F4DE56931D2D0F2900871E5E /* UIImage+FlatUI.m */,
				F4DE56941D2D0F2900871E5E /* UINavigationBar+FlatUI.h */,
				F4DE56951D2D0F2900871E5E /* UINavigationBar+FlatUI.m */,
				F4DE56961D2D0F2900871E5E /* UIPopoverController+FlatUI.h */,
				F4DE56971D2D0F2900871E5E /* UIPopoverController+FlatUI.m */,
				F4DE56981D2D0F2900871E5E /* UIProgressView+FlatUI.h */,
				F4DE56991D2D0F2900871E5E /* UIProgressView+FlatUI.m */,
				F4DE569A1D2D0F2900871E5E /* UISlider+FlatUI.h */,
				F4DE569B1D2D0F2900871E5E /* UISlider+FlatUI.m */,
				F4DE569C1D2D0F2900871E5E /* UIStepper+FlatUI.h */,
				F4DE569D1D2D0F2900871E5E /* UIStepper+FlatUI.m */,
				F4DE569E1D2D0F2900871E5E /* UITabBar+FlatUI.h */,
				F4DE569F1D2D0F2900871E5E /* UITabBar+FlatUI.m */,
				F4DE56A01D2D0F2900871E5E /* UITableViewCell+FlatUI.h */,
				F4DE56A11D2D0F2900871E5E /* UITableViewCell+FlatUI.m */,
				F4DE56A21D2D0F2900871E5E /* UIToolbar+FlatUI.h */,
				F4DE56A31D2D0F2900871E5E /* UIToolbar+FlatUI.m */,
			);
			path = ios;
			sourceTree = "<group>";
		};
		F4DE56A81D2D0F2900871E5E /* Resources */ = {
			isa = PBXGroup;
			children = (
				F4DE56A91D2D0F2900871E5E /* flat-ui-icons-regular.ttf */,
				F4DE56AA1D2D0F2900871E5E /* Lato-Bold.ttf */,
				F4DE56AB1D2D0F2900871E5E /* Lato-Italic.ttf */,
				F4DE56AC1D2D0F2900871E5E /* Lato-Light.ttf */,
				F4DE56AD1D2D0F2900871E5E /* Lato-Regular.ttf */,
			);
			path = Resources;
			sourceTree = "<group>";
		};
		F4FA26161B78B90300CA0F3B /* util */ = {
			isa = PBXGroup;
			children = (
				F4BA6A411B775970006C8B91 /* HttpUtil.swift */,
				F4FA26181B78B93D00CA0F3B /* JsonParser.swift */,
				8270D04D1C47B48600B49F00 /* HtmlParser.swift */,
			);
			name = util;
			sourceTree = "<group>";
		};
		F4FA26171B78B92500CA0F3B /* delegate */ = {
			isa = PBXGroup;
			children = (
				F42B1C581B779ECB004C14A4 /* HttpDelegate.swift */,
				F464D5AD1B7F266C009657B6 /* ChooseCourseDelegate.swift */,
			);
			name = delegate;
			sourceTree = "<group>";
		};
		F4FA261A1B78B94D00CA0F3B /* model */ = {
			isa = PBXGroup;
			children = (
				F4BA6A431B775C1A006C8B91 /* ConstVal.swift */,
				F4BA6A451B775DA6006C8B91 /* UserInfo.swift */,
				F4F823D01B7B44C700128B88 /* ClassBean.swift */,
				8270D04F1C47B58600B49F00 /* InnovativeCredit.swift */,
				8270D0511C47B5BE00B49F00 /* ExamInfo.swift */,
			);
			name = model;
			sourceTree = "<group>";
		};
		F4FA261B1B78B97400CA0F3B /* controller */ = {
			isa = PBXGroup;
			children = (
				9AAFB37F1B7DB30300AE1D6F /* ChooseClassController */,
				F4BA6A201B7758CB006C8B91 /* LoginViewController.swift */,
				F4F0F5F71B7A1D9700E9549D /* MainTableViewController.swift */,
				F44904541B7B2B9300CB9C06 /* MainNavigationController.swift */,
				F4F823CC1B7B41A900128B88 /* ClassTableViewController.swift */,
				F41BB2411B90C0E200F0495C /* AboutViewController.swift */,
				F4EE082A1BF79AEA00E02F8F /* LocalClassTableController.swift */,
				8270D0531C47BD7400B49F00 /* InnovativeCreditController.swift */,
				8270D0551C47C63D00B49F00 /* ExamListController.swift */,
			);
			name = controller;
			sourceTree = "<group>";
		};
		F4FA26251B78C5B100CA0F3B /* ui */ = {
			isa = PBXGroup;
			children = (
				F4F0F5F51B7A1C7900E9549D /* Main.storyboard */,
			);
			name = ui;
			sourceTree = "<group>";
		};
/* End PBXGroup section */

/* Begin PBXNativeTarget section */
		F4BA6A181B7758CB006C8B91 /* ustb_choose_course_system */ = {
			isa = PBXNativeTarget;
			buildConfigurationList = F4BA6A381B7758CB006C8B91 /* Build configuration list for PBXNativeTarget "ustb_choose_course_system" */;
			buildPhases = (
				F4BA6A151B7758CB006C8B91 /* Sources */,
				F4BA6A161B7758CB006C8B91 /* Frameworks */,
				F4BA6A171B7758CB006C8B91 /* Resources */,
			);
			buildRules = (
			);
			dependencies = (
			);
			name = ustb_choose_course_system;
			productName = ustb_choose_course_system;
			productReference = F4BA6A191B7758CB006C8B91 /* ustb_choose_course_system.app */;
			productType = "com.apple.product-type.application";
		};
		F4BA6A2D1B7758CB006C8B91 /* ustb_choose_course_systemTests */ = {
			isa = PBXNativeTarget;
			buildConfigurationList = F4BA6A3B1B7758CB006C8B91 /* Build configuration list for PBXNativeTarget "ustb_choose_course_systemTests" */;
			buildPhases = (
				F4BA6A2A1B7758CB006C8B91 /* Sources */,
				F4BA6A2B1B7758CB006C8B91 /* Frameworks */,
				F4BA6A2C1B7758CB006C8B91 /* Resources */,
			);
			buildRules = (
			);
			dependencies = (
				F4BA6A301B7758CB006C8B91 /* PBXTargetDependency */,
			);
			name = ustb_choose_course_systemTests;
			productName = ustb_choose_course_systemTests;
			productReference = F4BA6A2E1B7758CB006C8B91 /* ustb_choose_course_systemTests.xctest */;
			productType = "com.apple.product-type.bundle.unit-test";
		};
/* End PBXNativeTarget section */

/* Begin PBXProject section */
		F4BA6A111B7758CB006C8B91 /* Project object */ = {
			isa = PBXProject;
			attributes = {
				LastSwiftMigration = 0710;
				LastSwiftUpdateCheck = 0710;
				LastUpgradeCheck = 0710;
				ORGANIZATIONNAME = "kalen blue";
				TargetAttributes = {
					F4BA6A181B7758CB006C8B91 = {
						CreatedOnToolsVersion = 6.0.1;
						DevelopmentTeam = BNM6U9495E;
					};
					F4BA6A2D1B7758CB006C8B91 = {
						CreatedOnToolsVersion = 6.0.1;
						DevelopmentTeam = 5XQ8B3L3WA;
						TestTargetID = F4BA6A181B7758CB006C8B91;
					};
				};
			};
			buildConfigurationList = F4BA6A141B7758CB006C8B91 /* Build configuration list for PBXProject "ustb_choose_course_system" */;
			compatibilityVersion = "Xcode 3.2";
			developmentRegion = English;
			hasScannedForEncodings = 0;
			knownRegions = (
				en,
				Base,
			);
			mainGroup = F4BA6A101B7758CB006C8B91;
			productRefGroup = F4BA6A1A1B7758CB006C8B91 /* Products */;
			projectDirPath = "";
			projectRoot = "";
			targets = (
				F4BA6A181B7758CB006C8B91 /* ustb_choose_course_system */,
				F4BA6A2D1B7758CB006C8B91 /* ustb_choose_course_systemTests */,
			);
		};
/* End PBXProject section */

/* Begin PBXResourcesBuildPhase section */
		F4BA6A171B7758CB006C8B91 /* Resources */ = {
			isa = PBXResourcesBuildPhase;
			buildActionMask = 2147483647;
			files = (
				F4343F1F1B801E8800AEAB1D /* MBProgressHUD.bundle in Resources */,
				F4DE56CA1D2D0F2900871E5E /* Lato-Italic.ttf in Resources */,
				F4DE56C41D2D0F2900871E5E /* FlatUIKit.podspec in Resources */,
				F4BA6A261B7758CB006C8B91 /* Images.xcassets in Resources */,
				F4DE56C81D2D0F2900871E5E /* flat-ui-icons-regular.ttf in Resources */,
				8270D0481C47B2F600B49F00 /* Info.plist in Resources */,
				F4DE56CC1D2D0F2900871E5E /* Lato-Regular.ttf in Resources */,
				F4DE56C61D2D0F2900871E5E /* Rakefile in Resources */,
				F4DE56C91D2D0F2900871E5E /* Lato-Bold.ttf in Resources */,
				F4DE56AE1D2D0F2900871E5E /* .gitignore in Resources */,
				F4DE56C51D2D0F2900871E5E /* LICENSE in Resources */,
				F4DE56AF1D2D0F2900871E5E /* .travis.yml in Resources */,
				F4F0F5F61B7A1C7900E9549D /* Main.storyboard in Resources */,
				F4DE56CB1D2D0F2900871E5E /* Lato-Light.ttf in Resources */,
			);
			runOnlyForDeploymentPostprocessing = 0;
		};
		F4BA6A2C1B7758CB006C8B91 /* Resources */ = {
			isa = PBXResourcesBuildPhase;
			buildActionMask = 2147483647;
			files = (
			);
			runOnlyForDeploymentPostprocessing = 0;
		};
/* End PBXResourcesBuildPhase section */

/* Begin PBXSourcesBuildPhase section */
		F4BA6A151B7758CB006C8B91 /* Sources */ = {
			isa = PBXSourcesBuildPhase;
			buildActionMask = 2147483647;
			files = (
				F4DE56B01D2D0F2900871E5E /* FUIAlertView.m in Sources */,
				F4634FBA1BA13AEB00B784C7 /* DetailTableViewController.swift in Sources */,
				F4DE56BB1D2D0F2900871E5E /* UIImage+FlatUI.m in Sources */,
				F4343F1E1B801E8800AEAB1D /* MBProgressHUD+MJ.m in Sources */,
				F4DE56BD1D2D0F2900871E5E /* UIPopoverController+FlatUI.m in Sources */,
				F44904551B7B2B9300CB9C06 /* MainNavigationController.swift in Sources */,
				9AAFB3831B7DB3FB00AE1D6F /* PublicSelctiveCourseController.swift in Sources */,
				F4BA6A401B775930006C8B91 /* kalen.app.swift in Sources */,
				F4DE56B71D2D0F2900871E5E /* NSString+Icons.m in Sources */,
				8270D0541C47BD7400B49F00 /* InnovativeCreditController.swift in Sources */,
				F4EE082B1BF79AEA00E02F8F /* LocalClassTableController.swift in Sources */,
				F4DE56C71D2D0F2900871E5E /* README.markdown in Sources */,
				F4BA6A441B775C1A006C8B91 /* ConstVal.swift in Sources */,
				8270D0561C47C63D00B49F00 /* ExamListController.swift in Sources */,
				8270D0441C47B2F600B49F00 /* Document.swift in Sources */,
				F4F823D11B7B44C700128B88 /* ClassBean.swift in Sources */,
				F4DE56B41D2D0F2900871E5E /* FUISegmentedControl.m in Sources */,
				F4DE56BA1D2D0F2900871E5E /* UIFont+FlatUI.m in Sources */,
				F4F823CF1B7B421800128B88 /* ChooseCourseTabBarController.swift in Sources */,
				F4343F201B801E8800AEAB1D /* MBProgressHUD.m in Sources */,
				F4DE56BF1D2D0F2900871E5E /* UISlider+FlatUI.m in Sources */,
				F4DE56B11D2D0F2900871E5E /* FUIButton.m in Sources */,
				F4DE56B81D2D0F2900871E5E /* UIBarButtonItem+FlatUI.m in Sources */,
				F4FA26191B78B93D00CA0F3B /* JsonParser.swift in Sources */,
				F464D5AE1B7F266C009657B6 /* ChooseCourseDelegate.swift in Sources */,
				F4DE56BE1D2D0F2900871E5E /* UIProgressView+FlatUI.m in Sources */,
				8270D0451C47B2F600B49F00 /* Element.swift in Sources */,
				F4DE56C21D2D0F2900871E5E /* UITableViewCell+FlatUI.m in Sources */,
				F43023A21D2E03DF00A19DFE /* errors.swift in Sources */,
				8270D0501C47B58600B49F00 /* InnovativeCredit.swift in Sources */,
				F4DE56B51D2D0F2900871E5E /* FUISwitch.m in Sources */,
				F4DE56BC1D2D0F2900871E5E /* UINavigationBar+FlatUI.m in Sources */,
				F4BA6A461B775DA6006C8B91 /* UserInfo.swift in Sources */,
				8270D0461C47B2F600B49F00 /* Error.swift in Sources */,
				F4DE56C31D2D0F2900871E5E /* UIToolbar+FlatUI.m in Sources */,
				F4DE56C01D2D0F2900871E5E /* UIStepper+FlatUI.m in Sources */,
				F4DE56B31D2D0F2900871E5E /* FUIPopoverBackgroundView.m in Sources */,
				F4F0F5F81B7A1D9700E9549D /* MainTableViewController.swift in Sources */,
				8270D04E1C47B48600B49F00 /* HtmlParser.swift in Sources */,
				9AAFB3851B7DB42800AE1D6F /* SpecifiedSelectiveCourseController.swift in Sources */,
				8270D0521C47B5BE00B49F00 /* ExamInfo.swift in Sources */,
				9AAFB3811B7DB3D200AE1D6F /* PrerequisiteCourseController.swift in Sources */,
				8270D04B1C47B2F600B49F00 /* Queryable.swift in Sources */,
				F4BA6A211B7758CB006C8B91 /* LoginViewController.swift in Sources */,
				F4BA6A1F1B7758CB006C8B91 /* AppDelegate.swift in Sources */,
				8270D0471C47B2F600B49F00 /* Helpers.swift in Sources */,
				F4DE56B61D2D0F2900871E5E /* FUITextField.m in Sources */,
				F4F823CD1B7B41A900128B88 /* ClassTableViewController.swift in Sources */,
				F4BA6A421B775970006C8B91 /* HttpUtil.swift in Sources */,
				8270D04A1C47B2F600B49F00 /* NodeSet.swift in Sources */,
				F4DE56C11D2D0F2900871E5E /* UITabBar+FlatUI.m in Sources */,
				F41BB2421B90C0E200F0495C /* AboutViewController.swift in Sources */,
				F4DE56B91D2D0F2900871E5E /* UIColor+FlatUI.m in Sources */,
				F4DE56B21D2D0F2900871E5E /* FUICellBackgroundView.m in Sources */,
				F42B1C591B779ECB004C14A4 /* HttpDelegate.swift in Sources */,
				8270D0491C47B2F600B49F00 /* Node.swift in Sources */,
			);
			runOnlyForDeploymentPostprocessing = 0;
		};
		F4BA6A2A1B7758CB006C8B91 /* Sources */ = {
			isa = PBXSourcesBuildPhase;
			buildActionMask = 2147483647;
			files = (
				F4BA6A351B7758CB006C8B91 /* ustb_choose_course_systemTests.swift in Sources */,
			);
			runOnlyForDeploymentPostprocessing = 0;
		};
/* End PBXSourcesBuildPhase section */

/* Begin PBXTargetDependency section */
		F4BA6A301B7758CB006C8B91 /* PBXTargetDependency */ = {
			isa = PBXTargetDependency;
			target = F4BA6A181B7758CB006C8B91 /* ustb_choose_course_system */;
			targetProxy = F4BA6A2F1B7758CB006C8B91 /* PBXContainerItemProxy */;
		};
/* End PBXTargetDependency section */

/* Begin XCBuildConfiguration section */
		F4BA6A361B7758CB006C8B91 /* Debug */ = {
			isa = XCBuildConfiguration;
			buildSettings = {
				ALWAYS_SEARCH_USER_PATHS = NO;
				CLANG_CXX_LANGUAGE_STANDARD = "gnu++0x";
				CLANG_CXX_LIBRARY = "libc++";
				CLANG_ENABLE_MODULES = YES;
				CLANG_ENABLE_OBJC_ARC = YES;
				CLANG_WARN_BOOL_CONVERSION = YES;
				CLANG_WARN_CONSTANT_CONVERSION = YES;
				CLANG_WARN_DIRECT_OBJC_ISA_USAGE = YES_ERROR;
				CLANG_WARN_EMPTY_BODY = YES;
				CLANG_WARN_ENUM_CONVERSION = YES;
				CLANG_WARN_INT_CONVERSION = YES;
				CLANG_WARN_OBJC_ROOT_CLASS = YES_ERROR;
				CLANG_WARN_UNREACHABLE_CODE = YES;
				CLANG_WARN__DUPLICATE_METHOD_MATCH = YES;
				"CODE_SIGN_IDENTITY[sdk=iphoneos*]" = "iPhone Developer";
				COPY_PHASE_STRIP = NO;
				ENABLE_STRICT_OBJC_MSGSEND = YES;
				ENABLE_TESTABILITY = YES;
				GCC_C_LANGUAGE_STANDARD = gnu99;
				GCC_DYNAMIC_NO_PIC = NO;
				GCC_OPTIMIZATION_LEVEL = 0;
				GCC_PREPROCESSOR_DEFINITIONS = (
					"DEBUG=1",
					"$(inherited)",
				);
				GCC_SYMBOLS_PRIVATE_EXTERN = NO;
				GCC_WARN_64_TO_32_BIT_CONVERSION = YES;
				GCC_WARN_ABOUT_RETURN_TYPE = YES_ERROR;
				GCC_WARN_UNDECLARED_SELECTOR = YES;
				GCC_WARN_UNINITIALIZED_AUTOS = YES_AGGRESSIVE;
				GCC_WARN_UNUSED_FUNCTION = YES;
				GCC_WARN_UNUSED_VARIABLE = YES;
				IPHONEOS_DEPLOYMENT_TARGET = 8.0;
				MTL_ENABLE_DEBUG_INFO = YES;
				ONLY_ACTIVE_ARCH = YES;
				SDKROOT = iphoneos;
				SWIFT_OPTIMIZATION_LEVEL = "-Onone";
			};
			name = Debug;
		};
		F4BA6A371B7758CB006C8B91 /* Release */ = {
			isa = XCBuildConfiguration;
			buildSettings = {
				ALWAYS_SEARCH_USER_PATHS = NO;
				CLANG_CXX_LANGUAGE_STANDARD = "gnu++0x";
				CLANG_CXX_LIBRARY = "libc++";
				CLANG_ENABLE_MODULES = YES;
				CLANG_ENABLE_OBJC_ARC = YES;
				CLANG_WARN_BOOL_CONVERSION = YES;
				CLANG_WARN_CONSTANT_CONVERSION = YES;
				CLANG_WARN_DIRECT_OBJC_ISA_USAGE = YES_ERROR;
				CLANG_WARN_EMPTY_BODY = YES;
				CLANG_WARN_ENUM_CONVERSION = YES;
				CLANG_WARN_INT_CONVERSION = YES;
				CLANG_WARN_OBJC_ROOT_CLASS = YES_ERROR;
				CLANG_WARN_UNREACHABLE_CODE = YES;
				CLANG_WARN__DUPLICATE_METHOD_MATCH = YES;
				"CODE_SIGN_IDENTITY[sdk=iphoneos*]" = "iPhone Developer";
				COPY_PHASE_STRIP = YES;
				ENABLE_NS_ASSERTIONS = NO;
				ENABLE_STRICT_OBJC_MSGSEND = YES;
				GCC_C_LANGUAGE_STANDARD = gnu99;
				GCC_WARN_64_TO_32_BIT_CONVERSION = YES;
				GCC_WARN_ABOUT_RETURN_TYPE = YES_ERROR;
				GCC_WARN_UNDECLARED_SELECTOR = YES;
				GCC_WARN_UNINITIALIZED_AUTOS = YES_AGGRESSIVE;
				GCC_WARN_UNUSED_FUNCTION = YES;
				GCC_WARN_UNUSED_VARIABLE = YES;
				IPHONEOS_DEPLOYMENT_TARGET = 8.0;
				MTL_ENABLE_DEBUG_INFO = NO;
				SDKROOT = iphoneos;
				VALIDATE_PRODUCT = YES;
			};
			name = Release;
		};
		F4BA6A391B7758CB006C8B91 /* Debug */ = {
			isa = XCBuildConfiguration;
			buildSettings = {
				ASSETCATALOG_COMPILER_APPICON_NAME = AppIcon;
				ASSETCATALOG_COMPILER_LAUNCHIMAGE_NAME = "Brand Assets";
				CODE_SIGN_IDENTITY = "iPhone Developer";
				"CODE_SIGN_IDENTITY[sdk=iphoneos*]" = "iPhone Developer";
				HEADER_SEARCH_PATHS = "$(SDKROOT)/usr/include/libxml2";
				INFOPLIST_FILE = ustb_choose_course_system/Info.plist;
				IPHONEOS_DEPLOYMENT_TARGET = 8.0;
				LD_RUNPATH_SEARCH_PATHS = "$(inherited) @executable_path/Frameworks";
				MTL_ENABLE_DEBUG_INFO = YES;
				OTHER_LDFLAGS = "-lxml2";
				PRODUCT_BUNDLE_IDENTIFIER = "kalen.idev.app.ustb-choose-course-system1";
				PRODUCT_NAME = "$(TARGET_NAME)";
				PROVISIONING_PROFILE = "";
				SWIFT_INCLUDE_PATHS = ./ustb_choose_course_system/libxml2;
				SWIFT_OBJC_BRIDGING_HEADER = "ustb_choose_course_system/OC-Bridge.h";
			};
			name = Debug;
		};
		F4BA6A3A1B7758CB006C8B91 /* Release */ = {
			isa = XCBuildConfiguration;
			buildSettings = {
				ASSETCATALOG_COMPILER_APPICON_NAME = AppIcon;
				ASSETCATALOG_COMPILER_LAUNCHIMAGE_NAME = "Brand Assets";
				CODE_SIGN_IDENTITY = "iPhone Developer";
				"CODE_SIGN_IDENTITY[sdk=iphoneos*]" = "iPhone Developer";
				HEADER_SEARCH_PATHS = "$(SDKROOT)/usr/include/libxml2";
				INFOPLIST_FILE = ustb_choose_course_system/Info.plist;
				IPHONEOS_DEPLOYMENT_TARGET = 8.0;
				LD_RUNPATH_SEARCH_PATHS = "$(inherited) @executable_path/Frameworks";
				MTL_ENABLE_DEBUG_INFO = NO;
				OTHER_LDFLAGS = "-lxml2";
				PRODUCT_BUNDLE_IDENTIFIER = "kalen.idev.app.ustb-choose-course-system1";
				PRODUCT_NAME = "$(TARGET_NAME)";
				PROVISIONING_PROFILE = "";
				SWIFT_INCLUDE_PATHS = ./ustb_choose_course_system/libxml2;
				SWIFT_OBJC_BRIDGING_HEADER = "ustb_choose_course_system/OC-Bridge.h";
			};
			name = Release;
		};
		F4BA6A3C1B7758CB006C8B91 /* Debug */ = {
			isa = XCBuildConfiguration;
			buildSettings = {
				BUNDLE_LOADER = "$(TEST_HOST)";
				CODE_SIGN_IDENTITY = "iPhone Developer";
				"CODE_SIGN_IDENTITY[sdk=iphoneos*]" = "iPhone Developer";
				FRAMEWORK_SEARCH_PATHS = (
					"$(SDKROOT)/Developer/Library/Frameworks",
					"$(inherited)",
				);
				GCC_PREPROCESSOR_DEFINITIONS = (
					"DEBUG=1",
					"$(inherited)",
				);
				INFOPLIST_FILE = ustb_choose_course_systemTests/Info.plist;
				LD_RUNPATH_SEARCH_PATHS = "$(inherited) @executable_path/Frameworks @loader_path/Frameworks";
				PRODUCT_BUNDLE_IDENTIFIER = "kalen.app.$(PRODUCT_NAME:rfc1034identifier)";
				PRODUCT_NAME = "$(TARGET_NAME)";
				PROVISIONING_PROFILE = "";
				TEST_HOST = "$(BUILT_PRODUCTS_DIR)/ustb_choose_course_system.app/ustb_choose_course_system";
			};
			name = Debug;
		};
		F4BA6A3D1B7758CB006C8B91 /* Release */ = {
			isa = XCBuildConfiguration;
			buildSettings = {
				BUNDLE_LOADER = "$(TEST_HOST)";
				CODE_SIGN_IDENTITY = "iPhone Developer";
				"CODE_SIGN_IDENTITY[sdk=iphoneos*]" = "iPhone Developer";
				FRAMEWORK_SEARCH_PATHS = (
					"$(SDKROOT)/Developer/Library/Frameworks",
					"$(inherited)",
				);
				INFOPLIST_FILE = ustb_choose_course_systemTests/Info.plist;
				LD_RUNPATH_SEARCH_PATHS = "$(inherited) @executable_path/Frameworks @loader_path/Frameworks";
				PRODUCT_BUNDLE_IDENTIFIER = "kalen.app.$(PRODUCT_NAME:rfc1034identifier)";
				PRODUCT_NAME = "$(TARGET_NAME)";
				PROVISIONING_PROFILE = "";
				TEST_HOST = "$(BUILT_PRODUCTS_DIR)/ustb_choose_course_system.app/ustb_choose_course_system";
			};
			name = Release;
		};
/* End XCBuildConfiguration section */

/* Begin XCConfigurationList section */
		F4BA6A141B7758CB006C8B91 /* Build configuration list for PBXProject "ustb_choose_course_system" */ = {
			isa = XCConfigurationList;
			buildConfigurations = (
				F4BA6A361B7758CB006C8B91 /* Debug */,
				F4BA6A371B7758CB006C8B91 /* Release */,
			);
			defaultConfigurationIsVisible = 0;
			defaultConfigurationName = Release;
		};
		F4BA6A381B7758CB006C8B91 /* Build configuration list for PBXNativeTarget "ustb_choose_course_system" */ = {
			isa = XCConfigurationList;
			buildConfigurations = (
				F4BA6A391B7758CB006C8B91 /* Debug */,
				F4BA6A3A1B7758CB006C8B91 /* Release */,
			);
			defaultConfigurationIsVisible = 0;
			defaultConfigurationName = Release;
		};
		F4BA6A3B1B7758CB006C8B91 /* Build configuration list for PBXNativeTarget "ustb_choose_course_systemTests" */ = {
			isa = XCConfigurationList;
			buildConfigurations = (
				F4BA6A3C1B7758CB006C8B91 /* Debug */,
				F4BA6A3D1B7758CB006C8B91 /* Release */,
			);
			defaultConfigurationIsVisible = 0;
			defaultConfigurationName = Release;
		};
/* End XCConfigurationList section */
	};
	rootObject = F4BA6A111B7758CB006C8B91 /* Project object */;
}
